
Microsoft Visual Studio Solution File, Format Version 12.00
# Visual Studio Version 17
VisualStudioVersion = 17.4.33205.214
MinimumVisualStudioVersion = 10.0.40219.1
Project("{9A19103F-16F7-4668-BE54-9A1E7A4F7556}") = "automasterskaya1.api", "automasterskaya1.api\automasterskaya1.api.csproj", "{C450213A-C886-4410-B41C-6EDB9F577388}"
EndProject
Project("{9A19103F-16F7-4668-BE54-9A1E7A4F7556}") = "Automasterskaya.Context.Contracts", "TimeTable207.Context.Contracts\Automasterskaya.Context.Contracts.csproj", "{DF8FB644-25EA-4CC9-B7E1-EB7757B4473C}"
EndProject
Project("{FAE04EC0-301F-11D3-BF4B-00C04F79EFBC}") = "AutomasterskayaContext", "AutomasterskayaContext\AutomasterskayaContext.csproj", "{882950B9-2685-4F5D-B3CA-C4066DC8EE71}"
EndProject
Global
	GlobalSection(SolutionConfigurationPlatforms) = preSolution
		Debug|Any CPU = Debug|Any CPU
		Release|Any CPU = Release|Any CPU
	EndGlobalSection
	GlobalSection(ProjectConfigurationPlatforms) = postSolution
		{C450213A-C886-4410-B41C-6EDB9F577388}.Debug|Any CPU.ActiveCfg = Debug|Any CPU
		{C450213A-C886-4410-B41C-6EDB9F577388}.Debug|Any CPU.Build.0 = Debug|Any CPU
		{C450213A-C886-4410-B41C-6EDB9F577388}.Release|Any CPU.ActiveCfg = Release|Any CPU
		{C450213A-C886-4410-B41C-6EDB9F577388}.Release|Any CPU.Build.0 = Release|Any CPU
		{DF8FB644-25EA-4CC9-B7E1-EB7757B4473C}.Debug|Any CPU.ActiveCfg = Debug|Any CPU
		{DF8FB644-25EA-4CC9-B7E1-EB7757B4473C}.Debug|Any CPU.Build.0 = Debug|Any CPU
		{DF8FB644-25EA-4CC9-B7E1-EB7757B4473C}.Release|Any CPU.ActiveCfg = Release|Any CPU
		{DF8FB644-25EA-4CC9-B7E1-EB7757B4473C}.Release|Any CPU.Build.0 = Release|Any CPU
		{882950B9-2685-4F5D-B3CA-C4066DC8EE71}.Debug|Any CPU.ActiveCfg = Debug|Any CPU
		{882950B9-2685-4F5D-B3CA-C4066DC8EE71}.Debug|Any CPU.Build.0 = Debug|Any CPU
		{882950B9-2685-4F5D-B3CA-C4066DC8EE71}.Release|Any CPU.ActiveCfg = Release|Any CPU
		{882950B9-2685-4F5D-B3CA-C4066DC8EE71}.Release|Any CPU.Build.0 = Release|Any CPU
	EndGlobalSection
	GlobalSection(SolutionProperties) = preSolution
		HideSolutionNode = FALSE
	EndGlobalSection
	GlobalSection(ExtensibilityGlobals) = postSolution
		SolutionGuid = {2A17F75A-33A2-4742-A245-F5EEEAEFF260}
	EndGlobalSection
EndGlobal
